# THIS IS AN AUTOGENERATED FILE. DO NOT EDIT THIS FILE DIRECTLY.
# yarn lockfile v1


"@remix-run/router@1.22.0":
  version "1.22.0"
  resolved "https://registry.yarnpkg.com/@remix-run/router/-/router-1.22.0.tgz#dd8096cb055c475a4de6b35322b8d3b118c17b43"
  integrity sha512-MBOl8MeOzpK0HQQQshKB7pABXbmyHizdTpqnrIseTbsv0nAepwC2ENZa1aaBExNQcpLoXmWthhak8SABLzvGPw==

react-router-dom@6:
  version "6.29.0"
  resolved "https://registry.yarnpkg.com/react-router-dom/-/react-router-dom-6.29.0.tgz#2ffb56b03ef3d6d6daafcfad9f3922132d2ced94"
  integrity sha512-pkEbJPATRJ2iotK+wUwHfy0xs2T59YPEN8BQxVCPeBZvK7kfPESRc/nyxzdcxR17hXgUPYx2whMwl+eo9cUdnQ==
  dependencies:
    "@remix-run/router" "1.22.0"
    react-router "6.29.0"

react-router@6.29.0:
  version "6.29.0"
  resolved "https://registry.yarnpkg.com/react-router/-/react-router-6.29.0.tgz#14a329ca838b4de048fc5cca82874b727ee546b7"
  integrity sha512-DXZJoE0q+KyeVw75Ck6GkPxFak63C4fGqZGNijnWgzB/HzSP1ZfTlBj5COaGWwhrMQ/R8bXiq5Ooy4KG+ReyjQ==
  dependencies:
    "@remix-run/router" "1.22.0"
